Microsoft Visual Studio Solution File, Format Version 8.00
Project("{8BC9CEB8-8B4A-11D0-8D11-00A0C91BC942}") = "ODBCTracer", "ODBCTracer.vcproj", "{038CE76A-0F26-47FA-824F-DC1F915AD475}"
	ProjectSection(ProjectDependencies) = postProject
	EndProjectSection
EndProject
Global
	GlobalSection(SolutionConfiguration) = preSolution
		Debug = Debug
		Release = Release
	EndGlobalSection
	GlobalSection(ProjectConfiguration) = postSolution
		{038CE76A-0F26-47FA-824F-DC1F915AD475}.Debug.ActiveCfg = Debug|Win32
		{038CE76A-0F26-47FA-824F-DC1F915AD475}.Debug.Build.0 = Debug|Win32
		{038CE76A-0F26-47FA-824F-DC1F915AD475}.Release.ActiveCfg = Release|Win32
		{038CE76A-0F26-47FA-824F-DC1F915AD475}.Release.Build.0 = Release|Win32
	EndGlobalSection
	GlobalSection(ExtensibilityGlobals) = postSolution
	EndGlobalSection
	GlobalSection(ExtensibilityAddIns) = postSolution
	EndGlobalSection
EndGlobal
