
Microsoft Visual Studio Solution File, Format Version 9.00
# Visual Studio 2005
Project("{E24C65DC-7377-472B-9ABA-BC803B73C61A}") = "D:\...\AspTraces\", "D:\TraceTool\DotNet\VS2005\Asp.Net\AspTraces\", "{955295B2-24F2-4B7C-9E51-C1BB5DAA88D9}"
	ProjectSection(WebsiteProperties) = preProject
		ProjectReferences = "{7CF111BE-3614-4514-966A-FDF779773E51}|TraceTool.dll;"
		Debug.AspNetCompiler.VirtualPath = "/AspTraces"
		Debug.AspNetCompiler.PhysicalPath = "D:\TraceTool\DotNet\VS2005\Asp.Net\AspTraces\"
		Debug.AspNetCompiler.TargetPath = "PrecompiledWeb\AspTraces\"
		Debug.AspNetCompiler.Updateable = "true"
		Debug.AspNetCompiler.ForceOverwrite = "true"
		Debug.AspNetCompiler.FixedNames = "false"
		Debug.AspNetCompiler.Debug = "True"
		Release.AspNetCompiler.VirtualPath = "/AspTraces"
		Release.AspNetCompiler.PhysicalPath = "D:\TraceTool\DotNet\VS2005\Asp.Net\AspTraces\"
		Release.AspNetCompiler.TargetPath = "PrecompiledWeb\AspTraces\"
		Release.AspNetCompiler.Updateable = "true"
		Release.AspNetCompiler.ForceOverwrite = "true"
		Release.AspNetCompiler.FixedNames = "false"
		Release.AspNetCompiler.Debug = "False"
		VWDPort = "1205"
		DefaultWebSiteLanguage = "Visual C#"
	EndProjectSection
	ProjectSection(ProjectDependencies) = postProject
		{50389D5F-7DB9-4108-B014-CB6CEE0DCF33} = {50389D5F-7DB9-4108-B014-CB6CEE0DCF33}
	EndProjectSection
EndProject
Project("{FAE04EC0-301F-11D3-BF4B-00C04F79EFBC}") = "Vs8_Windows_F2_Lib", "..\Windows\Framework 2\Vs8_Windows_F2_Lib\Vs8_Windows_F2_Lib.csproj", "{7CF111BE-3614-4514-966A-FDF779773E51}"
	ProjectSection(WebsiteProperties) = preProject
		Debug.AspNetCompiler.Debug = "True"
		Release.AspNetCompiler.Debug = "False"
	EndProjectSection
EndProject
Project("{FAE04EC0-301F-11D3-BF4B-00C04F79EFBC}") = "TraceToolSocketMode", "TraceToolSocketMode\TraceToolSocketMode.csproj", "{50389D5F-7DB9-4108-B014-CB6CEE0DCF33}"
	ProjectSection(WebsiteProperties) = preProject
		Debug.AspNetCompiler.Debug = "True"
		Release.AspNetCompiler.Debug = "False"
	EndProjectSection
EndProject
Global
	GlobalSection(SolutionConfigurationPlatforms) = preSolution
		Debug|.NET = Debug|.NET
		Debug|Any CPU = Debug|Any CPU
		Debug|Mixed Platforms = Debug|Mixed Platforms
		Release|.NET = Release|.NET
		Release|Any CPU = Release|Any CPU
		Release|Mixed Platforms = Release|Mixed Platforms
	EndGlobalSection
	GlobalSection(ProjectConfigurationPlatforms) = postSolution
		{955295B2-24F2-4B7C-9E51-C1BB5DAA88D9}.Debug|.NET.ActiveCfg = Debug|.NET
		{955295B2-24F2-4B7C-9E51-C1BB5DAA88D9}.Debug|.NET.Build.0 = Debug|.NET
		{955295B2-24F2-4B7C-9E51-C1BB5DAA88D9}.Debug|Any CPU.ActiveCfg = Debug|.NET
		{955295B2-24F2-4B7C-9E51-C1BB5DAA88D9}.Debug|Mixed Platforms.ActiveCfg = Debug|.NET
		{955295B2-24F2-4B7C-9E51-C1BB5DAA88D9}.Debug|Mixed Platforms.Build.0 = Debug|.NET
		{955295B2-24F2-4B7C-9E51-C1BB5DAA88D9}.Release|.NET.ActiveCfg = Debug|.NET
		{955295B2-24F2-4B7C-9E51-C1BB5DAA88D9}.Release|.NET.Build.0 = Debug|.NET
		{955295B2-24F2-4B7C-9E51-C1BB5DAA88D9}.Release|Any CPU.ActiveCfg = Debug|.NET
		{955295B2-24F2-4B7C-9E51-C1BB5DAA88D9}.Release|Mixed Platforms.ActiveCfg = Debug|.NET
		{955295B2-24F2-4B7C-9E51-C1BB5DAA88D9}.Release|Mixed Platforms.Build.0 = Debug|.NET
		{7CF111BE-3614-4514-966A-FDF779773E51}.Debug|.NET.ActiveCfg = Debug|Any CPU
		{7CF111BE-3614-4514-966A-FDF779773E51}.Debug|Any CPU.ActiveCfg = Debug|Any CPU
		{7CF111BE-3614-4514-966A-FDF779773E51}.Debug|Any CPU.Build.0 = Debug|Any CPU
		{7CF111BE-3614-4514-966A-FDF779773E51}.Debug|Mixed Platforms.ActiveCfg = Debug|Any CPU
		{7CF111BE-3614-4514-966A-FDF779773E51}.Debug|Mixed Platforms.Build.0 = Debug|Any CPU
		{7CF111BE-3614-4514-966A-FDF779773E51}.Release|.NET.ActiveCfg = Release|Any CPU
		{7CF111BE-3614-4514-966A-FDF779773E51}.Release|Any CPU.ActiveCfg = Release|Any CPU
		{7CF111BE-3614-4514-966A-FDF779773E51}.Release|Any CPU.Build.0 = Release|Any CPU
		{7CF111BE-3614-4514-966A-FDF779773E51}.Release|Mixed Platforms.ActiveCfg = Release|Any CPU
		{7CF111BE-3614-4514-966A-FDF779773E51}.Release|Mixed Platforms.Build.0 = Release|Any CPU
		{50389D5F-7DB9-4108-B014-CB6CEE0DCF33}.Debug|.NET.ActiveCfg = Debug|Any CPU
		{50389D5F-7DB9-4108-B014-CB6CEE0DCF33}.Debug|Any CPU.ActiveCfg = Debug|Any CPU
		{50389D5F-7DB9-4108-B014-CB6CEE0DCF33}.Debug|Any CPU.Build.0 = Debug|Any CPU
		{50389D5F-7DB9-4108-B014-CB6CEE0DCF33}.Debug|Mixed Platforms.ActiveCfg = Debug|Any CPU
		{50389D5F-7DB9-4108-B014-CB6CEE0DCF33}.Debug|Mixed Platforms.Build.0 = Debug|Any CPU
		{50389D5F-7DB9-4108-B014-CB6CEE0DCF33}.Release|.NET.ActiveCfg = Release|Any CPU
		{50389D5F-7DB9-4108-B014-CB6CEE0DCF33}.Release|Any CPU.ActiveCfg = Release|Any CPU
		{50389D5F-7DB9-4108-B014-CB6CEE0DCF33}.Release|Any CPU.Build.0 = Release|Any CPU
		{50389D5F-7DB9-4108-B014-CB6CEE0DCF33}.Release|Mixed Platforms.ActiveCfg = Release|Any CPU
		{50389D5F-7DB9-4108-B014-CB6CEE0DCF33}.Release|Mixed Platforms.Build.0 = Release|Any CPU
	EndGlobalSection
	GlobalSection(SolutionProperties) = preSolution
		HideSolutionNode = FALSE
	EndGlobalSection
EndGlobal
