Microsoft Visual Studio Solution File, Format Version 9.00
# Visual Studio 2005
Project("{FAE04EC0-301F-11D3-BF4B-00C04F79EFBC}") = "TraceTool4Log4Net", "TraceTool4Log4Net\TraceTool4Log4Net.csproj", "{BF387E05-657A-4070-A6A6-2D99A5118365}"
EndProject
Project("{FAE04EC0-301F-11D3-BF4B-00C04F79EFBC}") = "Log4NetDemo", "Log4NetDemo\Log4NetDemo.csproj", "{1FEDAF46-D9B9-453F-A85E-6EA3E96E453F}"
EndProject
Project("{FAE04EC0-301F-11D3-BF4B-00C04F79EFBC}") = "Vs8_Windows_F2_Lib", "Framework 2\Vs8_Windows_F2_Lib\Vs8_Windows_F2_Lib.csproj", "{7CF111BE-3614-4514-966A-FDF779773E51}"
EndProject
Global
	GlobalSection(SolutionConfigurationPlatforms) = preSolution
		Debug|Any CPU = Debug|Any CPU
		Release|Any CPU = Release|Any CPU
	EndGlobalSection
	GlobalSection(ProjectConfigurationPlatforms) = postSolution
		{BF387E05-657A-4070-A6A6-2D99A5118365}.Debug|Any CPU.ActiveCfg = Debug|Any CPU
		{BF387E05-657A-4070-A6A6-2D99A5118365}.Debug|Any CPU.Build.0 = Debug|Any CPU
		{BF387E05-657A-4070-A6A6-2D99A5118365}.Release|Any CPU.ActiveCfg = Release|Any CPU
		{BF387E05-657A-4070-A6A6-2D99A5118365}.Release|Any CPU.Build.0 = Release|Any CPU
		{1FEDAF46-D9B9-453F-A85E-6EA3E96E453F}.Debug|Any CPU.ActiveCfg = Debug|Any CPU
		{1FEDAF46-D9B9-453F-A85E-6EA3E96E453F}.Debug|Any CPU.Build.0 = Debug|Any CPU
		{1FEDAF46-D9B9-453F-A85E-6EA3E96E453F}.Release|Any CPU.ActiveCfg = Release|Any CPU
		{1FEDAF46-D9B9-453F-A85E-6EA3E96E453F}.Release|Any CPU.Build.0 = Release|Any CPU
		{7CF111BE-3614-4514-966A-FDF779773E51}.Debug|Any CPU.ActiveCfg = Debug|Any CPU
		{7CF111BE-3614-4514-966A-FDF779773E51}.Debug|Any CPU.Build.0 = Debug|Any CPU
		{7CF111BE-3614-4514-966A-FDF779773E51}.Release|Any CPU.ActiveCfg = Release|Any CPU
		{7CF111BE-3614-4514-966A-FDF779773E51}.Release|Any CPU.Build.0 = Release|Any CPU
	EndGlobalSection
	GlobalSection(SolutionProperties) = preSolution
		HideSolutionNode = FALSE
	EndGlobalSection
EndGlobal
