
Microsoft Visual Studio Solution File, Format Version 12.00
# Visual Studio 15
VisualStudioVersion = 15.0.27004.2006
MinimumVisualStudioVersion = 10.0.40219.1
Project("{9A19103F-16F7-4668-BE54-9A1E7A4F7556}") = "Vs17_Standard_20_Lib", "Vs17_Standard_20_Lib\Vs17_Standard_20_Lib.csproj", "{1D6BBBAA-C506-4C8C-9E89-F6C4D3AD56C1}"
EndProject
Global
	GlobalSection(SolutionConfigurationPlatforms) = preSolution
		Debug|Any CPU = Debug|Any CPU
		Release|Any CPU = Release|Any CPU
	EndGlobalSection
	GlobalSection(ProjectConfigurationPlatforms) = postSolution
		{1D6BBBAA-C506-4C8C-9E89-F6C4D3AD56C1}.Debug|Any CPU.ActiveCfg = Debug|Any CPU
		{1D6BBBAA-C506-4C8C-9E89-F6C4D3AD56C1}.Debug|Any CPU.Build.0 = Debug|Any CPU
		{1D6BBBAA-C506-4C8C-9E89-F6C4D3AD56C1}.Release|Any CPU.ActiveCfg = Release|Any CPU
		{1D6BBBAA-C506-4C8C-9E89-F6C4D3AD56C1}.Release|Any CPU.Build.0 = Release|Any CPU
	EndGlobalSection
	GlobalSection(SolutionProperties) = preSolution
		HideSolutionNode = FALSE
	EndGlobalSection
	GlobalSection(ExtensibilityGlobals) = postSolution
		SolutionGuid = {DAEBECB7-CE94-42A3-923D-AF72A3666228}
	EndGlobalSection
EndGlobal
