
Microsoft Visual Studio Solution File, Format Version 12.00
# Visual Studio 14
VisualStudioVersion = 14.0.25420.1
MinimumVisualStudioVersion = 10.0.40219.1
Project("{9092AA53-FB77-4645-B42D-1CCCA6BD08BD}") = "NodejsApp1", "NodejsApp1.njsproj", "{8069A242-9499-4AB1-A78A-A586EEAC1C5C}"
EndProject
Global
	GlobalSection(SolutionConfigurationPlatforms) = preSolution
		Debug|Any CPU = Debug|Any CPU
		Release|Any CPU = Release|Any CPU
	EndGlobalSection
	GlobalSection(ProjectConfigurationPlatforms) = postSolution
		{8069A242-9499-4AB1-A78A-A586EEAC1C5C}.Debug|Any CPU.ActiveCfg = Debug|Any CPU
		{8069A242-9499-4AB1-A78A-A586EEAC1C5C}.Debug|Any CPU.Build.0 = Debug|Any CPU
		{8069A242-9499-4AB1-A78A-A586EEAC1C5C}.Release|Any CPU.ActiveCfg = Release|Any CPU
		{8069A242-9499-4AB1-A78A-A586EEAC1C5C}.Release|Any CPU.Build.0 = Release|Any CPU
	EndGlobalSection
	GlobalSection(SolutionProperties) = preSolution
		HideSolutionNode = FALSE
	EndGlobalSection
EndGlobal
