{
  "name": "nodejs",
  "version": "1.0.0",
  "lockfileVersion": 3,
  "requires": true,
  "packages": {
    "": {
      "name": "nodejs",
      "version": "1.0.0",
      "license": "ISC",
      "dependencies": {
        "tracetool": "file:../Source/lib"
      },
      "devDependencies": {}
    },
    "../Source": {
      "dev": true,
      "optional": true,
      "peer": true
    },
    "../Source/lib": {},
    "node_modules/tracetool": {
      "resolved": "../Source/lib",
      "link": true
    }
  }
}
