
Microsoft Visual Studio Solution File, Format Version 10.00
# Visual Studio 2008
Project("{FAE04EC0-301F-11D3-BF4B-00C04F79EFBC}") = "Vs9_PPC_F2_Lib", "Lib\Vs9_PPC_F2_Lib.csproj", "{7837EC59-B3B6-4B99-BCFD-3FBE5F98C9DA}"
EndProject
Project("{FAE04EC0-301F-11D3-BF4B-00C04F79EFBC}") = "Vs9_PPC_F2_demo", "Demo\Vs9_PPC_F2_demo.csproj", "{6CF654C0-FB74-484D-ABFB-F54DC3D8CEA7}"
EndProject
Global
	GlobalSection(SolutionConfigurationPlatforms) = preSolution
		Debug|Any CPU = Debug|Any CPU
		Release|Any CPU = Release|Any CPU
	EndGlobalSection
	GlobalSection(ProjectConfigurationPlatforms) = postSolution
		{7837EC59-B3B6-4B99-BCFD-3FBE5F98C9DA}.Debug|Any CPU.ActiveCfg = Debug|Any CPU
		{7837EC59-B3B6-4B99-BCFD-3FBE5F98C9DA}.Debug|Any CPU.Build.0 = Debug|Any CPU
		{7837EC59-B3B6-4B99-BCFD-3FBE5F98C9DA}.Release|Any CPU.ActiveCfg = Release|Any CPU
		{7837EC59-B3B6-4B99-BCFD-3FBE5F98C9DA}.Release|Any CPU.Build.0 = Release|Any CPU
		{6CF654C0-FB74-484D-ABFB-F54DC3D8CEA7}.Debug|Any CPU.ActiveCfg = Debug|Any CPU
		{6CF654C0-FB74-484D-ABFB-F54DC3D8CEA7}.Debug|Any CPU.Build.0 = Debug|Any CPU
		{6CF654C0-FB74-484D-ABFB-F54DC3D8CEA7}.Debug|Any CPU.Deploy.0 = Debug|Any CPU
		{6CF654C0-FB74-484D-ABFB-F54DC3D8CEA7}.Release|Any CPU.ActiveCfg = Release|Any CPU
		{6CF654C0-FB74-484D-ABFB-F54DC3D8CEA7}.Release|Any CPU.Build.0 = Release|Any CPU
		{6CF654C0-FB74-484D-ABFB-F54DC3D8CEA7}.Release|Any CPU.Deploy.0 = Release|Any CPU
	EndGlobalSection
	GlobalSection(SolutionProperties) = preSolution
		HideSolutionNode = FALSE
	EndGlobalSection
EndGlobal
