Microsoft Visual Studio Solution File, Format Version 8.00
Project("{FAE04EC0-301F-11D3-BF4B-00C04F79EFBC}") = "TraceTool", "CSharp Library\TraceTool.csproj", "{6D631328-1E23-42C3-84E5-692BBA79821C}"
	ProjectSection(ProjectDependencies) = postProject
	EndProjectSection
EndProject
Project("{FAE04EC0-301F-11D3-BF4B-00C04F79EFBC}") = "TraceToolEventSink", "TraceToolEventSink\TraceToolEventSink.csproj", "{E1FC9DD7-A017-44CE-95AA-B0D90948A3F8}"
	ProjectSection(ProjectDependencies) = postProject
	EndProjectSection
EndProject
Project("{FAE04EC0-301F-11D3-BF4B-00C04F79EFBC}") = "EIFDemo", "TraceToolEventSinkDemo\EIFDemo.csproj", "{3F4150A3-FE34-4F11-9C2C-CAE460526161}"
	ProjectSection(ProjectDependencies) = postProject
	EndProjectSection
EndProject
Global
	GlobalSection(SolutionConfiguration) = preSolution
		Debug = Debug
		Release = Release
	EndGlobalSection
	GlobalSection(ProjectConfiguration) = postSolution
		{6D631328-1E23-42C3-84E5-692BBA79821C}.Debug.ActiveCfg = Debug|.NET
		{6D631328-1E23-42C3-84E5-692BBA79821C}.Debug.Build.0 = Debug|.NET
		{6D631328-1E23-42C3-84E5-692BBA79821C}.Release.ActiveCfg = Release|.NET
		{6D631328-1E23-42C3-84E5-692BBA79821C}.Release.Build.0 = Release|.NET
		{E1FC9DD7-A017-44CE-95AA-B0D90948A3F8}.Debug.ActiveCfg = Debug|.NET
		{E1FC9DD7-A017-44CE-95AA-B0D90948A3F8}.Debug.Build.0 = Debug|.NET
		{E1FC9DD7-A017-44CE-95AA-B0D90948A3F8}.Release.ActiveCfg = Release|.NET
		{E1FC9DD7-A017-44CE-95AA-B0D90948A3F8}.Release.Build.0 = Release|.NET
		{3F4150A3-FE34-4F11-9C2C-CAE460526161}.Debug.ActiveCfg = Debug|.NET
		{3F4150A3-FE34-4F11-9C2C-CAE460526161}.Debug.Build.0 = Debug|.NET
		{3F4150A3-FE34-4F11-9C2C-CAE460526161}.Release.ActiveCfg = Release|.NET
		{3F4150A3-FE34-4F11-9C2C-CAE460526161}.Release.Build.0 = Release|.NET
	EndGlobalSection
	GlobalSection(ExtensibilityGlobals) = postSolution
	EndGlobalSection
	GlobalSection(ExtensibilityAddIns) = postSolution
	EndGlobalSection
EndGlobal
