Microsoft Visual Studio Solution File, Format Version 8.00
Project("{FAE04EC0-301F-11D3-BF4B-00C04F79EFBC}") = "APIDemo", "CSharp Demo\APIDemo.csproj", "{F6E28C54-FCA5-4C5B-B2CF-ECB621ABD456}"
	ProjectSection(ProjectDependencies) = postProject
	EndProjectSection
EndProject
Project("{FAE04EC0-301F-11D3-BF4B-00C04F79EFBC}") = "TraceTool", "CSharp Library\TraceTool.csproj", "{6D631328-1E23-42C3-84E5-692BBA79821C}"
	ProjectSection(ProjectDependencies) = postProject
	EndProjectSection
EndProject
Project("{FAE04EC0-301F-11D3-BF4B-00C04F79EFBC}") = "CSharpPlugin", "CSharp Plugin\CSharpPlugin.csproj", "{C7ADEA17-8F42-4FA3-9F75-011AAD6D52EA}"
	ProjectSection(ProjectDependencies) = postProject
	EndProjectSection
EndProject
Global
	GlobalSection(SolutionConfiguration) = preSolution
		Debug = Debug
		Release = Release
	EndGlobalSection
	GlobalSection(ProjectConfiguration) = postSolution
		{F6E28C54-FCA5-4C5B-B2CF-ECB621ABD456}.Debug.ActiveCfg = Debug|.NET
		{F6E28C54-FCA5-4C5B-B2CF-ECB621ABD456}.Debug.Build.0 = Debug|.NET
		{F6E28C54-FCA5-4C5B-B2CF-ECB621ABD456}.Release.ActiveCfg = Release|.NET
		{F6E28C54-FCA5-4C5B-B2CF-ECB621ABD456}.Release.Build.0 = Release|.NET
		{6D631328-1E23-42C3-84E5-692BBA79821C}.Debug.ActiveCfg = Debug|.NET
		{6D631328-1E23-42C3-84E5-692BBA79821C}.Debug.Build.0 = Debug|.NET
		{6D631328-1E23-42C3-84E5-692BBA79821C}.Release.ActiveCfg = Release|.NET
		{6D631328-1E23-42C3-84E5-692BBA79821C}.Release.Build.0 = Release|.NET
		{C7ADEA17-8F42-4FA3-9F75-011AAD6D52EA}.Debug.ActiveCfg = Debug|.NET
		{C7ADEA17-8F42-4FA3-9F75-011AAD6D52EA}.Debug.Build.0 = Debug|.NET
		{C7ADEA17-8F42-4FA3-9F75-011AAD6D52EA}.Release.ActiveCfg = Release|.NET
		{C7ADEA17-8F42-4FA3-9F75-011AAD6D52EA}.Release.Build.0 = Release|.NET
	EndGlobalSection
	GlobalSection(ExtensibilityGlobals) = postSolution
	EndGlobalSection
	GlobalSection(ExtensibilityAddIns) = postSolution
	EndGlobalSection
EndGlobal
