Microsoft Visual Studio Solution File, Format Version 8.00
Project("{FAE04EC0-301F-11D3-BF4B-00C04F79EFBC}") = "AspTraces", "http://localhost/AspTraces/AspTraces.csproj", "{81966DBB-A4DD-45DA-ABA8-36A5562BF0D0}"
	ProjectSection(ProjectDependencies) = postProject
	EndProjectSection
EndProject
Project("{FAE04EC0-301F-11D3-BF4B-00C04F79EFBC}") = "TraceTool", "..\Windows\CSharp Library\TraceTool.csproj", "{6D631328-1E23-42C3-84E5-692BBA79821C}"
	ProjectSection(ProjectDependencies) = postProject
	EndProjectSection
EndProject
Global
	GlobalSection(SolutionConfiguration) = preSolution
		Debug = Debug
		Release = Release
	EndGlobalSection
	GlobalSection(ProjectConfiguration) = postSolution
		{81966DBB-A4DD-45DA-ABA8-36A5562BF0D0}.Debug.ActiveCfg = Debug|.NET
		{81966DBB-A4DD-45DA-ABA8-36A5562BF0D0}.Debug.Build.0 = Debug|.NET
		{81966DBB-A4DD-45DA-ABA8-36A5562BF0D0}.Release.ActiveCfg = Release|.NET
		{81966DBB-A4DD-45DA-ABA8-36A5562BF0D0}.Release.Build.0 = Release|.NET
		{6D631328-1E23-42C3-84E5-692BBA79821C}.Debug.ActiveCfg = Debug|.NET
		{6D631328-1E23-42C3-84E5-692BBA79821C}.Debug.Build.0 = Debug|.NET
		{6D631328-1E23-42C3-84E5-692BBA79821C}.Release.ActiveCfg = Release|.NET
		{6D631328-1E23-42C3-84E5-692BBA79821C}.Release.Build.0 = Release|.NET
	EndGlobalSection
	GlobalSection(ExtensibilityGlobals) = postSolution
	EndGlobalSection
	GlobalSection(ExtensibilityAddIns) = postSolution
	EndGlobalSection
EndGlobal
