
Microsoft Visual Studio Solution File, Format Version 9.00
# Visual Studio 2005
Project("{FAE04EC0-301F-11D3-BF4B-00C04F79EFBC}") = "Vs8_PPC2003_CF1_Lib", "Vs8_PPC2003_CF1_Lib\Vs8_PPC2003_CF1_Lib.csproj", "{4AD63F10-0DD8-4273-BA4F-05DE819B577D}"
EndProject
Project("{FAE04EC0-301F-11D3-BF4B-00C04F79EFBC}") = "Vs8_PPC2003_CF1_Demo", "Vs8_PPC2003_CF1_Demo\Vs8_PPC2003_CF1_Demo.csproj", "{D49DC473-2969-4780-A571-E08E85E45F4F}"
EndProject
Global
	GlobalSection(SolutionConfigurationPlatforms) = preSolution
		Debug|Any CPU = Debug|Any CPU
		Debug|Mixed Platforms = Debug|Mixed Platforms
		Debug|Win32 = Debug|Win32
		Release|Any CPU = Release|Any CPU
		Release|Mixed Platforms = Release|Mixed Platforms
		Release|Win32 = Release|Win32
	EndGlobalSection
	GlobalSection(ProjectConfigurationPlatforms) = postSolution
		{3257D416-F315-4595-96D8-00758FEE0955}.Debug|Any CPU.ActiveCfg = Debug|Any CPU
		{3257D416-F315-4595-96D8-00758FEE0955}.Debug|Any CPU.Build.0 = Debug|Any CPU
		{3257D416-F315-4595-96D8-00758FEE0955}.Debug|Mixed Platforms.ActiveCfg = Debug|Any CPU
		{3257D416-F315-4595-96D8-00758FEE0955}.Debug|Mixed Platforms.Build.0 = Debug|Any CPU
		{3257D416-F315-4595-96D8-00758FEE0955}.Debug|Mixed Platforms.Deploy.0 = Debug|Any CPU
		{3257D416-F315-4595-96D8-00758FEE0955}.Debug|Win32.ActiveCfg = Debug|Any CPU
		{3257D416-F315-4595-96D8-00758FEE0955}.Release|Any CPU.ActiveCfg = Release|Any CPU
		{3257D416-F315-4595-96D8-00758FEE0955}.Release|Any CPU.Build.0 = Release|Any CPU
		{3257D416-F315-4595-96D8-00758FEE0955}.Release|Mixed Platforms.ActiveCfg = Release|Any CPU
		{3257D416-F315-4595-96D8-00758FEE0955}.Release|Mixed Platforms.Build.0 = Release|Any CPU
		{3257D416-F315-4595-96D8-00758FEE0955}.Release|Mixed Platforms.Deploy.0 = Release|Any CPU
		{3257D416-F315-4595-96D8-00758FEE0955}.Release|Win32.ActiveCfg = Release|Any CPU
		{7CF111BE-3614-4514-966A-FDF779773E51}.Debug|Any CPU.ActiveCfg = Debug|Any CPU
		{7CF111BE-3614-4514-966A-FDF779773E51}.Debug|Any CPU.Build.0 = Debug|Any CPU
		{7CF111BE-3614-4514-966A-FDF779773E51}.Debug|Mixed Platforms.ActiveCfg = Debug|Any CPU
		{7CF111BE-3614-4514-966A-FDF779773E51}.Debug|Mixed Platforms.Build.0 = Debug|Any CPU
		{7CF111BE-3614-4514-966A-FDF779773E51}.Debug|Win32.ActiveCfg = Debug|Any CPU
		{7CF111BE-3614-4514-966A-FDF779773E51}.Release|Any CPU.ActiveCfg = Release|Any CPU
		{7CF111BE-3614-4514-966A-FDF779773E51}.Release|Any CPU.Build.0 = Release|Any CPU
		{7CF111BE-3614-4514-966A-FDF779773E51}.Release|Mixed Platforms.ActiveCfg = Release|Any CPU
		{7CF111BE-3614-4514-966A-FDF779773E51}.Release|Mixed Platforms.Build.0 = Release|Any CPU
		{7CF111BE-3614-4514-966A-FDF779773E51}.Release|Win32.ActiveCfg = Release|Any CPU
		{F6E28C54-FCA5-4C5B-B2CF-ECB621ABD456}.Debug|Any CPU.ActiveCfg = Debug|Any CPU
		{F6E28C54-FCA5-4C5B-B2CF-ECB621ABD456}.Debug|Any CPU.Build.0 = Debug|Any CPU
		{F6E28C54-FCA5-4C5B-B2CF-ECB621ABD456}.Debug|Mixed Platforms.ActiveCfg = Debug|Any CPU
		{F6E28C54-FCA5-4C5B-B2CF-ECB621ABD456}.Debug|Mixed Platforms.Build.0 = Debug|Any CPU
		{F6E28C54-FCA5-4C5B-B2CF-ECB621ABD456}.Debug|Win32.ActiveCfg = Debug|Any CPU
		{F6E28C54-FCA5-4C5B-B2CF-ECB621ABD456}.Release|Any CPU.ActiveCfg = Release|Any CPU
		{F6E28C54-FCA5-4C5B-B2CF-ECB621ABD456}.Release|Any CPU.Build.0 = Release|Any CPU
		{F6E28C54-FCA5-4C5B-B2CF-ECB621ABD456}.Release|Mixed Platforms.ActiveCfg = Release|Any CPU
		{F6E28C54-FCA5-4C5B-B2CF-ECB621ABD456}.Release|Mixed Platforms.Build.0 = Release|Any CPU
		{F6E28C54-FCA5-4C5B-B2CF-ECB621ABD456}.Release|Win32.ActiveCfg = Release|Any CPU
		{62F6A71E-ADD4-4AFB-988E-6100DEFF56D2}.Debug|Any CPU.ActiveCfg = Debug|Any CPU
		{62F6A71E-ADD4-4AFB-988E-6100DEFF56D2}.Debug|Any CPU.Build.0 = Debug|Any CPU
		{62F6A71E-ADD4-4AFB-988E-6100DEFF56D2}.Debug|Any CPU.Deploy.0 = Debug|Any CPU
		{62F6A71E-ADD4-4AFB-988E-6100DEFF56D2}.Debug|Mixed Platforms.ActiveCfg = Debug|Any CPU
		{62F6A71E-ADD4-4AFB-988E-6100DEFF56D2}.Debug|Mixed Platforms.Build.0 = Debug|Any CPU
		{62F6A71E-ADD4-4AFB-988E-6100DEFF56D2}.Debug|Mixed Platforms.Deploy.0 = Debug|Any CPU
		{62F6A71E-ADD4-4AFB-988E-6100DEFF56D2}.Debug|Win32.ActiveCfg = Debug|Any CPU
		{62F6A71E-ADD4-4AFB-988E-6100DEFF56D2}.Release|Any CPU.ActiveCfg = Release|Any CPU
		{62F6A71E-ADD4-4AFB-988E-6100DEFF56D2}.Release|Any CPU.Build.0 = Release|Any CPU
		{62F6A71E-ADD4-4AFB-988E-6100DEFF56D2}.Release|Any CPU.Deploy.0 = Release|Any CPU
		{62F6A71E-ADD4-4AFB-988E-6100DEFF56D2}.Release|Mixed Platforms.ActiveCfg = Release|Any CPU
		{62F6A71E-ADD4-4AFB-988E-6100DEFF56D2}.Release|Mixed Platforms.Build.0 = Release|Any CPU
		{62F6A71E-ADD4-4AFB-988E-6100DEFF56D2}.Release|Mixed Platforms.Deploy.0 = Release|Any CPU
		{62F6A71E-ADD4-4AFB-988E-6100DEFF56D2}.Release|Win32.ActiveCfg = Release|Any CPU
		{4AD63F10-0DD8-4273-BA4F-05DE819B577D}.Debug|Any CPU.ActiveCfg = Debug|Any CPU
		{4AD63F10-0DD8-4273-BA4F-05DE819B577D}.Debug|Any CPU.Build.0 = Debug|Any CPU
		{4AD63F10-0DD8-4273-BA4F-05DE819B577D}.Debug|Mixed Platforms.ActiveCfg = Debug|Any CPU
		{4AD63F10-0DD8-4273-BA4F-05DE819B577D}.Debug|Mixed Platforms.Build.0 = Debug|Any CPU
		{4AD63F10-0DD8-4273-BA4F-05DE819B577D}.Debug|Win32.ActiveCfg = Debug|Any CPU
		{4AD63F10-0DD8-4273-BA4F-05DE819B577D}.Release|Any CPU.ActiveCfg = Release|Any CPU
		{4AD63F10-0DD8-4273-BA4F-05DE819B577D}.Release|Any CPU.Build.0 = Release|Any CPU
		{4AD63F10-0DD8-4273-BA4F-05DE819B577D}.Release|Mixed Platforms.ActiveCfg = Release|Any CPU
		{4AD63F10-0DD8-4273-BA4F-05DE819B577D}.Release|Mixed Platforms.Build.0 = Release|Any CPU
		{4AD63F10-0DD8-4273-BA4F-05DE819B577D}.Release|Win32.ActiveCfg = Release|Any CPU
		{D49DC473-2969-4780-A571-E08E85E45F4F}.Debug|Any CPU.ActiveCfg = Debug|Any CPU
		{D49DC473-2969-4780-A571-E08E85E45F4F}.Debug|Any CPU.Build.0 = Debug|Any CPU
		{D49DC473-2969-4780-A571-E08E85E45F4F}.Debug|Any CPU.Deploy.0 = Debug|Any CPU
		{D49DC473-2969-4780-A571-E08E85E45F4F}.Debug|Mixed Platforms.ActiveCfg = Debug|Any CPU
		{D49DC473-2969-4780-A571-E08E85E45F4F}.Debug|Mixed Platforms.Build.0 = Debug|Any CPU
		{D49DC473-2969-4780-A571-E08E85E45F4F}.Debug|Mixed Platforms.Deploy.0 = Debug|Any CPU
		{D49DC473-2969-4780-A571-E08E85E45F4F}.Debug|Win32.ActiveCfg = Debug|Any CPU
		{D49DC473-2969-4780-A571-E08E85E45F4F}.Release|Any CPU.ActiveCfg = Release|Any CPU
		{D49DC473-2969-4780-A571-E08E85E45F4F}.Release|Any CPU.Build.0 = Release|Any CPU
		{D49DC473-2969-4780-A571-E08E85E45F4F}.Release|Any CPU.Deploy.0 = Release|Any CPU
		{D49DC473-2969-4780-A571-E08E85E45F4F}.Release|Mixed Platforms.ActiveCfg = Release|Any CPU
		{D49DC473-2969-4780-A571-E08E85E45F4F}.Release|Mixed Platforms.Build.0 = Release|Any CPU
		{D49DC473-2969-4780-A571-E08E85E45F4F}.Release|Mixed Platforms.Deploy.0 = Release|Any CPU
		{D49DC473-2969-4780-A571-E08E85E45F4F}.Release|Win32.ActiveCfg = Release|Any CPU
	EndGlobalSection
	GlobalSection(SolutionProperties) = preSolution
		HideSolutionNode = FALSE
	EndGlobalSection
EndGlobal
